# This file was autogenerated by Stack.
# You should not edit this file by hand.
# For more information, please see the documentation at:
#   https://docs.haskellstack.org/en/stable/lock_files

packages:
- completed:
    hackage: alex-3.2.4@sha256:fcf1971fb513eab886072d1f705475f04fb65261a4d81361bede9d86056b474b,4054
    pantry-tree:
      size: 5732
      sha256: 4bab0bfd073e56bbea1863758126b858a320c78fbf5b9615c0be4835d035de9e
  original:
    hackage: alex-3.2.4
- completed:
    hackage: amazonka-1.6.1@sha256:d863557379350ed6bbb91187abeb8c349a654f60b140d138710486f58ae7c476,3536
    pantry-tree:
      size: 992
      sha256: 55747f9b56063ea1be73a962e1ce44528b9856e119e2d9f1238397b3112b6e70
  original:
    hackage: amazonka-1.6.1
- completed:
    hackage: amazonka-core-1.6.1@sha256:9bc59ce403c6eeba3b3eaf3f10e5f0b6a33b6edbbf8f6de0dd6f4c67b86fa698,5135
    pantry-tree:
      size: 3438
      sha256: c13e643176308771491ec0e06390e269047bb1b28be4535992842f7426a95eb4
  original:
    hackage: amazonka-core-1.6.1
- completed:
    hackage: amazonka-route53-1.6.1@sha256:a9839d8fc55de06a4fb242bc6597d454251363478909d4fe7dca8832c2a1fd73,5949
    pantry-tree:
      size: 14749
      sha256: 47d8253fc03a0dbef989bd2c6fc8fdf6b46ede0b686111f375dd6f6c94e45b02
  original:
    hackage: amazonka-route53-1.6.1
- completed:
    hackage: ekg-wai-0.1.0.3@sha256:d6b62107589f7ddd30b6c56dbb22f9904e274fd9ce24807db76833fab9506c9e,1992
    pantry-tree:
      size: 1343
      sha256: 44df3e2517bad85677bdf841ce83b2b3f1b1d3d30c2c7c3ce3ab4dac75662e81
  original:
    hackage: ekg-wai-0.1.0.3
- completed:
    hackage: Glob-0.10.0@sha256:bbccaf21bff9071dcf369f55cc1a07250bdc84c432bdf4277ed53e5e2327cd7d,2947
    pantry-tree:
      size: 1432
      sha256: 2b14578b5cf51af20efeaf332a1e1ea0c9c24fe2fcb2afba64f77d9249395844
  original:
    hackage: Glob-0.10.0
- completed:
    hackage: happy-1.19.10@sha256:ab3e5fe71647b039ade49c03ff5e5eaa362730d9ba5549f55858a0cf81237931,5180
    pantry-tree:
      size: 8033
      sha256: 27dfe94b1df1434f8c730d59f58d1fb7f84582c5e681ae4ae143804cbb5eae4c
  original:
    hackage: happy-1.19.10
- completed:
    hackage: http-client-0.5.14@sha256:4880b27d6741e331454a1d4c887d96ce3d7d625322c8433983a4b1cd08538577,5348
    pantry-tree:
      size: 2457
      sha256: 02bcffba9cad572fefb4640f5fc9be68e770b32ab73efcac649db20290994c6d
  original:
    hackage: http-client-0.5.14
- completed:
    hackage: ip-1.5.1@sha256:3378f49b83c8ad034b7719a0a249fdb038682ab2af9e5f56a9e525bb370a97e6,3553
    pantry-tree:
      size: 1504
      sha256: c55e09cf67bd05ca2494911dd9639cc16f3e6654f8b87a5165932615de4f34ea
  original:
    hackage: ip-1.5.1
- completed:
    hackage: raven-haskell-0.1.2.1@sha256:59ab0300183a599650ed5761e3e984ff2934afe1ce6d924d1064876cac90275d,1255
    pantry-tree:
      size: 632
      sha256: 8c37e6109aa0314832aba4be962e0c140c4d45920b9d135d88bacfc762079ff5
  original:
    hackage: raven-haskell-0.1.2.1
- completed:
    hackage: tasty-rerun-1.1.14@sha256:ba9c19a281535bea566e1044bc02c36ef17abcb310af4b6a149ec11780c7ce35,3083
    pantry-tree:
      size: 284
      sha256: f6b89e2e06d38d0a2d73c220648811a54684b476778904416b22f1ccae7eab67
  original:
    hackage: tasty-rerun-1.1.14
- completed:
    cabal-file:
      size: 5058
      sha256: e9d8f0e78a163f90996620fa6f34bf3e4c413012d2a4bcf59dc0f5537fc6ed1c
    name: ipfs
    version: 1.0.0
    git: https://github.com/fission-suite/ipfs-haskell.git
    pantry-tree:
      size: 4742
      sha256: a6d77ea6c7c5d942c52b242c04b633fe28cd82b2d464c1ec547efd962cfa199f
    commit: d26ae024be11b3beb11e1e1fe7d1ed82fe70ad96
  original:
    git: https://github.com/fission-suite/ipfs-haskell.git
    commit: d26ae024be11b3beb11e1e1fe7d1ed82fe70ad96
snapshots:
- completed:
    size: 525663
    url: https://raw.githubusercontent.com/commercialhaskell/stackage-snapshots/master/lts/14/14.yaml
    sha256: 6edc48df46eb8bf7b861e98dd30d021a92c2e1820c9bb6528aac5d997b0e14ef
  original: lts-14.14
