# This file was autogenerated by Stack.
# You should not edit this file by hand.
# For more information, please see the documentation at:
#   https://docs.haskellstack.org/en/stable/lock_files

packages:
- completed:
    hackage: amazonka-1.6.1@sha256:f58b63e83876f93aa03c54e54b3eb8ba9358af93819d41f4a5a8f8b7d8b8399c,3544
    pantry-tree:
      size: 992
      sha256: d792656a70ee42df262a599bc6608bda069e33092d665c3438a6eeeaf7db4fb2
  original:
    hackage: amazonka-1.6.1
- completed:
    hackage: constraints-deriving-1.1.1.1@sha256:40a239cc58e3d1978590a780736144351d95f0f56232523ade5e145bda1213bb,4064
    pantry-tree:
      size: 3134
      sha256: 401fb63192f1dcb03402def7f4ef05e6da9f001fc7b8024f0fd460680ce75089
  original:
    hackage: constraints-deriving-1.1.1.1
- completed:
    hackage: cryptostore-0.2.1.0@sha256:9896e2984f36a1c8790f057fd5ce3da4cbcaf8aa73eb2d9277916886978c5b19,3881
    pantry-tree:
      size: 8596
      sha256: e392f8dded050690140636b81433fb350bd87dd21643dde9a2f0aa344cf038e5
  original:
    hackage: cryptostore-0.2.1.0
- completed:
    hackage: dimensions-2.1.0.0@sha256:c598a801f4ef24d13065a8f6a91b2b0d8f0668623bd4f7a866fa0606fe8b9885,2263
    pantry-tree:
      size: 1303
      sha256: 9ca9bd767a26d86249f85ddeb3df58d3bb1b56b6a1007203d0f2cb34ccedf427
  original:
    hackage: dimensions-2.1.0.0
- completed:
    hackage: hfsevents-0.1.6@sha256:295b29e8a4ac51a0015f4fb92b4140139d7b13ed691318159a20f85ce785dac6,863
    pantry-tree:
      size: 438
      sha256: 14370510ec9a045fdc5b7e614279a84e3540a968f8b5ad12b8796916c4d6d1ee
  original:
    hackage: hfsevents-0.1.6
- completed:
    hackage: ipfs-1.3.0.3@sha256:7c79786a90e40e5bccc54140be7c1576e0677713a3889fe2f730e968f88f8c12,6107
    pantry-tree:
      size: 4198
      sha256: 137be0f28f1350ee704ac4ea92b06119b3edb3068bc1ba15d41260f9bc7781bf
  original:
    hackage: ipfs-1.3.0.3
- completed:
    hackage: lzma-clib-5.2.2@sha256:25eb43d5fd8a8ab58380f475b91fb1fa907381f8a81c8d8ba63ba428d97ae0cc,4900
    pantry-tree:
      size: 11577
      sha256: ed5ce184eaad3b4239f86d1d478d0b5ed6a93af5aac72f19f376c1690585576d
  original:
    hackage: lzma-clib-5.2.2
- completed:
    hackage: raven-haskell-0.1.4.0@sha256:64eca8650d140fc853a951af0cf4e2ce255b90491b9e3014d82be2e79593c43a,1251
    pantry-tree:
      size: 632
      sha256: 19c2aaf9c09d341108777e3a4de975841f81518ed271b156983d25ec622dd266
  original:
    hackage: raven-haskell-0.1.4.0
- completed:
    hackage: rescue-0.4.2.1@sha256:53256f87722af6f91e9e4ed18741c5e2515a0432ae7e94b16e3edf73931ec0c3,5025
    pantry-tree:
      size: 1963
      sha256: 74b6dfd972089dba05241803a450e808348c5db6dc204810cc01161266c72194
  original:
    hackage: rescue-0.4.2.1
- completed:
    hackage: servant-auth-0.4.0.0@sha256:01d02dfb7df4747fc96442517146d7d4ab0e575e597a124e238e8763036ea4ff,2125
    pantry-tree:
      size: 332
      sha256: a7ec2c54fddfa417ee2467f1131b1d83ad43cc29ddfd4b98869fc924e4b5e980
  original:
    hackage: servant-auth-0.4.0.0
- completed:
    hackage: servant-auth-server-0.4.6.0@sha256:b411b44f4252e91e5da2455d71a7113c8b5b8ff2d943d19b2ddedcfcf0392351,5111
    pantry-tree:
      size: 1376
      sha256: 8cd29612112546a02085e2cb30dd5a72ea46ed81e644195c589d0b26652279cb
  original:
    hackage: servant-auth-server-0.4.6.0
- completed:
    hackage: servant-auth-swagger-0.2.10.1@sha256:6d5f1a4594c922fa8baccb0344de91108d57d1228ec5911723fce4340c27d129,2821
    pantry-tree:
      size: 408
      sha256: b4b12628d1e2ad82c2eb5f09b4074414646104dabad87693b539a109938c5a41
  original:
    hackage: servant-auth-swagger-0.2.10.1
- completed:
    hackage: servant-lucid-0.9.0.2@sha256:693278d574dba7313e931200118424762c02682bbc654e8866be4e6d1c73d816,1803
    pantry-tree:
      size: 392
      sha256: c5635bc53887b81087c3430341790d45cd4063340a0baa62bedd2e77ed4aa84d
  original:
    hackage: servant-lucid-0.9.0.2
- completed:
    hackage: servant-swagger-ui-redoc-0.3.3.1.22.3@sha256:c3d9d26f66d6e45fe00e401134ffda25a640aeaf9bf469f2964be65cff435fb3,1575
    pantry-tree:
      size: 381
      sha256: c66e48f90cd9e6beda31ecfa8b2761c02ff3a4b6373638578202048e8c7cf6a1
  original:
    hackage: servant-swagger-ui-redoc-0.3.3.1.22.3
- completed:
    hackage: servant-websockets-2.0.0@sha256:6e9e3600bced90fd52ed3d1bf632205cb21479075b20d6637153cc4567000234,2253
    pantry-tree:
      size: 523
      sha256: 085c6620bff7671bef1d969652a349271c3703fbf10dd753cb63ee1cd700bca5
  original:
    hackage: servant-websockets-2.0.0
- completed:
    hackage: unliftio-core-0.1.2.0@sha256:b0a7652ffce2284a6cebe05c99eb60573a8fb6631163f34b0b30a80b4a78cb23,1081
    pantry-tree:
      size: 328
      sha256: 9d970bf5f98e68e8fc129b04d6c9d8eb1e641c7556ffd0f0a168a259335b6fd7
  original:
    hackage: unliftio-core-0.1.2.0
snapshots:
- completed:
    size: 567037
    url: https://raw.githubusercontent.com/commercialhaskell/stackage-snapshots/master/lts/17/9.yaml
    sha256: d7d8d5106e53d1669964bd8bd2b0f88a5ad192d772f5376384b76738fd992311
  original: lts-17.9
