# This file was autogenerated by Stack.
# You should not edit this file by hand.
# For more information, please see the documentation at:
#   https://docs.haskellstack.org/en/stable/lock_files

packages:
- completed:
    hackage: alex-3.2.6@sha256:7e15b8ba44f4e858d7e302ae234c05ca10a120c401f0db5ea5bc6135347debca,4156
    pantry-tree:
      size: 5732
      sha256: f11298f6d54429981bbef30e17d215c227b0aab607bdf8ea786781a574188260
  original:
    hackage: alex-3.2.6
- completed:
    hackage: amazonka-1.6.1@sha256:f58b63e83876f93aa03c54e54b3eb8ba9358af93819d41f4a5a8f8b7d8b8399c,3544
    pantry-tree:
      size: 992
      sha256: d792656a70ee42df262a599bc6608bda069e33092d665c3438a6eeeaf7db4fb2
  original:
    hackage: amazonka-1.6.1
- completed:
    hackage: constraints-deriving-1.1.1.1@sha256:40a239cc58e3d1978590a780736144351d95f0f56232523ade5e145bda1213bb,4064
    pantry-tree:
      size: 3134
      sha256: 401fb63192f1dcb03402def7f4ef05e6da9f001fc7b8024f0fd460680ce75089
  original:
    hackage: constraints-deriving-1.1.1.1
- completed:
    hackage: cryptostore-0.2.1.0@sha256:9896e2984f36a1c8790f057fd5ce3da4cbcaf8aa73eb2d9277916886978c5b19,3881
    pantry-tree:
      size: 8596
      sha256: e392f8dded050690140636b81433fb350bd87dd21643dde9a2f0aa344cf038e5
  original:
    hackage: cryptostore-0.2.1.0
- completed:
    hackage: dimensions-2.1.0.0@sha256:c598a801f4ef24d13065a8f6a91b2b0d8f0668623bd4f7a866fa0606fe8b9885,2263
    pantry-tree:
      size: 1303
      sha256: 9ca9bd767a26d86249f85ddeb3df58d3bb1b56b6a1007203d0f2cb34ccedf427
  original:
    hackage: dimensions-2.1.0.0
- completed:
    hackage: happy-1.20.0@sha256:f99e612b29d68d784d7e193943a13466f0923de69452a2585081491efed0436b,5709
    pantry-tree:
      size: 8749
      sha256: a90122967031e2feb99adbbacf57ddf8627a7c0444720402513d3f11ec7f990a
  original:
    hackage: happy-1.20.0
- completed:
    hackage: hfsevents-0.1.6@sha256:295b29e8a4ac51a0015f4fb92b4140139d7b13ed691318159a20f85ce785dac6,863
    pantry-tree:
      size: 438
      sha256: 14370510ec9a045fdc5b7e614279a84e3540a968f8b5ad12b8796916c4d6d1ee
  original:
    hackage: hfsevents-0.1.6
- completed:
    hackage: ipfs-1.2.0.0@sha256:768b2942d65497754bc2e76359c3fde1ea106fb3c4e1e63b8064c5268bf7b0b6,5935
    pantry-tree:
      size: 3955
      sha256: 980be72ab463c3f4917e48e8d62306851a5fae3e8bed56e23fdd3cbb89b7e50d
  original:
    hackage: ipfs-1.2.0.0
- completed:
    hackage: lzma-clib-5.2.2@sha256:25eb43d5fd8a8ab58380f475b91fb1fa907381f8a81c8d8ba63ba428d97ae0cc,4900
    pantry-tree:
      size: 11577
      sha256: ed5ce184eaad3b4239f86d1d478d0b5ed6a93af5aac72f19f376c1690585576d
  original:
    hackage: lzma-clib-5.2.2
- completed:
    hackage: raven-haskell-0.1.4.0@sha256:64eca8650d140fc853a951af0cf4e2ce255b90491b9e3014d82be2e79593c43a,1251
    pantry-tree:
      size: 632
      sha256: 19c2aaf9c09d341108777e3a4de975841f81518ed271b156983d25ec622dd266
  original:
    hackage: raven-haskell-0.1.4.0
- completed:
    hackage: rescue-0.2.1@sha256:ff687f7a4f6439cd3207f5fcac88d4f5f70878dc6f14b04b4771f2fee7f120fe,4762
    pantry-tree:
      size: 1722
      sha256: 722f36197e88f77cdb39357e6683607f35810ba3cfbf9c007490df81250f5f2b
  original:
    hackage: rescue-0.2.1
- completed:
    hackage: servant-auth-0.4.0.0@sha256:01d02dfb7df4747fc96442517146d7d4ab0e575e597a124e238e8763036ea4ff,2125
    pantry-tree:
      size: 332
      sha256: a7ec2c54fddfa417ee2467f1131b1d83ad43cc29ddfd4b98869fc924e4b5e980
  original:
    hackage: servant-auth-0.4.0.0
- completed:
    hackage: servant-auth-server-0.4.6.0@sha256:b411b44f4252e91e5da2455d71a7113c8b5b8ff2d943d19b2ddedcfcf0392351,5111
    pantry-tree:
      size: 1376
      sha256: 8cd29612112546a02085e2cb30dd5a72ea46ed81e644195c589d0b26652279cb
  original:
    hackage: servant-auth-server-0.4.6.0
- completed:
    hackage: servant-auth-swagger-0.2.10.1@sha256:6d5f1a4594c922fa8baccb0344de91108d57d1228ec5911723fce4340c27d129,2821
    pantry-tree:
      size: 408
      sha256: b4b12628d1e2ad82c2eb5f09b4074414646104dabad87693b539a109938c5a41
  original:
    hackage: servant-auth-swagger-0.2.10.1
- completed:
    hackage: servant-swagger-ui-redoc-0.3.3.1.22.3@sha256:c3d9d26f66d6e45fe00e401134ffda25a640aeaf9bf469f2964be65cff435fb3,1575
    pantry-tree:
      size: 381
      sha256: c66e48f90cd9e6beda31ecfa8b2761c02ff3a4b6373638578202048e8c7cf6a1
  original:
    hackage: servant-swagger-ui-redoc-0.3.3.1.22.3
- completed:
    hackage: servant-websockets-2.0.0@sha256:6e9e3600bced90fd52ed3d1bf632205cb21479075b20d6637153cc4567000234,2253
    pantry-tree:
      size: 523
      sha256: 085c6620bff7671bef1d969652a349271c3703fbf10dd753cb63ee1cd700bca5
  original:
    hackage: servant-websockets-2.0.0
- completed:
    hackage: text-time-0.3.1@sha256:c4301ea47bcb72deb60b0be25cf6f6b693a34a862ea9a8e9bc8b9a750e0857e9,1757
    pantry-tree:
      size: 638
      sha256: 0f3cc12775c099769901af4708a4ac04cdc9cbca8b22747be0c82c9c916d7e24
  original:
    hackage: text-time-0.3.1
- completed:
    hackage: unliftio-core-0.1.2.0@sha256:7f9b48adef8e36da0202e6e70a733a5e210263ed4177c93e47a4b3f89694194b,1081
    pantry-tree:
      size: 328
      sha256: 72be5813b35ba78db99459fb73a553a58b95a393005fdffb96eec3c1244f90c4
  original:
    hackage: unliftio-core-0.1.2.0
- completed:
    hackage: bytebuild-0.3.7.0@sha256:dd3cd96f44670f6c38539d6a6b210afd19a1ff4883f92c96862c33de277f308e,2982
    pantry-tree:
      size: 844
      sha256: 7445e3458b19692565380ea63ffdb4f24f7619e35cff14ed9d6b73707fee4cee
  original:
    hackage: bytebuild-0.3.7.0
- completed:
    hackage: byteslice-0.2.5.2@sha256:9f23721c56eb570f0eb0150f0cdc66aa5d1a86eaf8c1f8ab0591ee30781c1a5a,2319
    pantry-tree:
      size: 1167
      sha256: 688588fc3c46d6522a7c953b5c9ccb60016dd20c551632f71aa5a8ebc60a2b95
  original:
    hackage: byteslice-0.2.5.2
- completed:
    hackage: bytesmith-0.3.7.0@sha256:a11e4ca0fb72cd966c21d82dcc2eb7f3aa748b3fbfe30ab6c7fa8beea38c8e83,1863
    pantry-tree:
      size: 1185
      sha256: 3396c1b29577cff2491382d0b144fe586c75987e9ad28bc0cadbc88a97ee7315
  original:
    hackage: bytesmith-0.3.7.0
- completed:
    hackage: contiguous-0.5.1@sha256:902b74d8e369fef384c20b116c3c81e65eca2672d79f525ab374fe98ee50e9d4,1757
    pantry-tree:
      size: 442
      sha256: 39ee8ba3b4725ed1057429cd1f613275bfecbc618f289559203bebb1ff4a259e
  original:
    hackage: contiguous-0.5.1
- completed:
    hackage: ip-1.7.3@sha256:b2557931d271927898a57fae6883486bae29291ea09a6680fd9a176f45016205,3742
    pantry-tree:
      size: 1437
      sha256: 28fe2c39f489c3d7315ae098e5500b5a76035d02ed371e7d833c45f74f8d9b38
  original:
    hackage: ip-1.7.3
- completed:
    hackage: natural-arithmetic-0.1.2.0@sha256:ac25a0561c8378530a62f02df83680afb193ed1059bb43e3130e0074b5b3f16b,3411
    pantry-tree:
      size: 716
      sha256: e1e5b16f53fe2a7378d38dcae5069dcc1c6e37f8e1473f091ae1f7d788b1c688
  original:
    hackage: natural-arithmetic-0.1.2.0
- completed:
    hackage: primitive-offset-0.2.0.0@sha256:f8006927d5c0a3e83707610bbc5514aabe8f84a907ecb07edd2c815f58299dea,843
    pantry-tree:
      size: 368
      sha256: 6dbc2fbfd70920a1de5a76d3715506edc0895c81a2f7b856d3abb027865d4605
  original:
    hackage: primitive-offset-0.2.0.0
- completed:
    hackage: run-st-0.1.1.0@sha256:a43245bb23984089016772481bf52bfe63eaff0c5040303f69c9b15e80872fdc,883
    pantry-tree:
      size: 269
      sha256: 06d5d7ecf185a26c15e48cda6c30e8865dae715c528a31466701272fae36d822
  original:
    hackage: run-st-0.1.1.0
- completed:
    hackage: tuples-0.1.0.0@sha256:7006c1cab721ad3e39cdbf1ccb07ec050b94d654cc6e39277d46241eee6ac7c9,1088
    pantry-tree:
      size: 320
      sha256: 57009cc671ed8e43738be3bf7b1392461ad086083df633a2f4f9c7206a14a79c
  original:
    hackage: tuples-0.1.0.0
snapshots:
- completed:
    size: 563103
    url: https://raw.githubusercontent.com/commercialhaskell/stackage-snapshots/master/lts/17/4.yaml
    sha256: f11e2153044f5f71ea7b1c9398f4721f517c9bd37642ed769647b896564021f3
  original: lts-17.4
